// !$*UTF8*$!
{
	archiveVersion = 1;
	classes = {
	};
	objectVersion = 56;
	objects = {

/* Begin PBXBuildFile section */
		4985F85228B1AEAD0068AD38 /* KioskBridgeApp.swift in Sources */ = {isa = PBXBuildFile; fileRef = 4985F85128B1AEAD0068AD38 /* KioskBridgeApp.swift */; };
		4985F85428B1AEAD0068AD38 /* KioskBridgeView.swift in Sources */ = {isa = PBXBuildFile; fileRef = 4985F85328B1AEAD0068AD38 /* KioskBridgeView.swift */; };
		4985F85628B1AEAD0068AD38 /* Assets.xcassets in Resources */ = {isa = PBXBuildFile; fileRef = 4985F85528B1AEAD0068AD38 /* Assets.xcassets */; };
		4985F85928B1AEAD0068AD38 /* Preview Assets.xcassets in Resources */ = {isa = PBXBuildFile; fileRef = 4985F85828B1AEAD0068AD38 /* Preview Assets.xcassets */; };
		4985F86028B29C240068AD38 /* KioskBridgeSettings.swift in Sources */ = {isa = PBXBuildFile; fileRef = 4985F85F28B29C240068AD38 /* KioskBridgeSettings.swift */; };
		4985F86228B2B05D0068AD38 /* SettingsView.swift in Sources */ = {isa = PBXBuildFile; fileRef = 4985F86128B2B05D0068AD38 /* SettingsView.swift */; };
		498F130328DA6CAD0034CB7C /* .gitignore in Resources */ = {isa = PBXBuildFile; fileRef = 498F130228DA6CAD0034CB7C /* .gitignore */; };
		49DD5BF328C16A4800AB8D1B /* AppState.swift in Sources */ = {isa = PBXBuildFile; fileRef = 49DD5BF228C16A4800AB8D1B /* AppState.swift */; };
		49FB606628BEDEC9008DE047 /* KioskApi.swift in Sources */ = {isa = PBXBuildFile; fileRef = 49FB606528BEDEC9008DE047 /* KioskApi.swift */; };
/* End PBXBuildFile section */

/* Begin PBXFileReference section */
		4985F84E28B1AEAD0068AD38 /* Kiosk Bridge.app */ = {isa = PBXFileReference; explicitFileType = wrapper.application; includeInIndex = 0; path = "Kiosk Bridge.app"; sourceTree = BUILT_PRODUCTS_DIR; };
		4985F85128B1AEAD0068AD38 /* KioskBridgeApp.swift */ = {isa = PBXFileReference; lastKnownFileType = sourcecode.swift; path = KioskBridgeApp.swift; sourceTree = "<group>"; };
		4985F85328B1AEAD0068AD38 /* KioskBridgeView.swift */ = {isa = PBXFileReference; lastKnownFileType = sourcecode.swift; path = KioskBridgeView.swift; sourceTree = "<group>"; };
		4985F85528B1AEAD0068AD38 /* Assets.xcassets */ = {isa = PBXFileReference; lastKnownFileType = folder.assetcatalog; path = Assets.xcassets; sourceTree = "<group>"; };
		4985F85828B1AEAD0068AD38 /* Preview Assets.xcassets */ = {isa = PBXFileReference; lastKnownFileType = folder.assetcatalog; path = "Preview Assets.xcassets"; sourceTree = "<group>"; };
		4985F85F28B29C240068AD38 /* KioskBridgeSettings.swift */ = {isa = PBXFileReference; lastKnownFileType = sourcecode.swift; path = KioskBridgeSettings.swift; sourceTree = "<group>"; };
		4985F86128B2B05D0068AD38 /* SettingsView.swift */ = {isa = PBXFileReference; lastKnownFileType = sourcecode.swift; path = SettingsView.swift; sourceTree = "<group>"; };
		498F130228DA6CAD0034CB7C /* .gitignore */ = {isa = PBXFileReference; lastKnownFileType = text; path = .gitignore; sourceTree = "<group>"; };
		49DD5BF228C16A4800AB8D1B /* AppState.swift */ = {isa = PBXFileReference; lastKnownFileType = sourcecode.swift; path = AppState.swift; sourceTree = "<group>"; };
		49FB606528BEDEC9008DE047 /* KioskApi.swift */ = {isa = PBXFileReference; lastKnownFileType = sourcecode.swift; path = KioskApi.swift; sourceTree = "<group>"; };
/* End PBXFileReference section */

/* Begin PBXFrameworksBuildPhase section */
		4985F84B28B1AEAD0068AD38 /* Frameworks */ = {
			isa = PBXFrameworksBuildPhase;
			buildActionMask = 2147483647;
			files = (
			);
			runOnlyForDeploymentPostprocessing = 0;
		};
/* End PBXFrameworksBuildPhase section */

/* Begin PBXGroup section */
		4985F84528B1AEAD0068AD38 = {
			isa = PBXGroup;
			children = (
				498F130228DA6CAD0034CB7C /* .gitignore */,
				49DD5BF228C16A4800AB8D1B /* AppState.swift */,
				4985F85028B1AEAD0068AD38 /* KioskBridge */,
				4985F84F28B1AEAD0068AD38 /* Products */,
			);
			sourceTree = "<group>";
		};
		4985F84F28B1AEAD0068AD38 /* Products */ = {
			isa = PBXGroup;
			children = (
				4985F84E28B1AEAD0068AD38 /* Kiosk Bridge.app */,
			);
			name = Products;
			sourceTree = "<group>";
		};
		4985F85028B1AEAD0068AD38 /* KioskBridge */ = {
			isa = PBXGroup;
			children = (
				4985F85128B1AEAD0068AD38 /* KioskBridgeApp.swift */,
				4985F85328B1AEAD0068AD38 /* KioskBridgeView.swift */,
				49FB606528BEDEC9008DE047 /* KioskApi.swift */,
				4985F86128B2B05D0068AD38 /* SettingsView.swift */,
				4985F85528B1AEAD0068AD38 /* Assets.xcassets */,
				4985F85728B1AEAD0068AD38 /* Preview Content */,
				4985F85F28B29C240068AD38 /* KioskBridgeSettings.swift */,
			);
			path = KioskBridge;
			sourceTree = "<group>";
		};
		4985F85728B1AEAD0068AD38 /* Preview Content */ = {
			isa = PBXGroup;
			children = (
				4985F85828B1AEAD0068AD38 /* Preview Assets.xcassets */,
			);
			path = "Preview Content";
			sourceTree = "<group>";
		};
/* End PBXGroup section */

/* Begin PBXNativeTarget section */
		4985F84D28B1AEAD0068AD38 /* KioskBridge */ = {
			isa = PBXNativeTarget;
			buildConfigurationList = 4985F85C28B1AEAD0068AD38 /* Build configuration list for PBXNativeTarget "KioskBridge" */;
			buildPhases = (
				4985F84A28B1AEAD0068AD38 /* Sources */,
				4985F84B28B1AEAD0068AD38 /* Frameworks */,
				4985F84C28B1AEAD0068AD38 /* Resources */,
			);
			buildRules = (
			);
			dependencies = (
			);
			name = KioskBridge;
			productName = KioskBridge;
			productReference = 4985F84E28B1AEAD0068AD38 /* Kiosk Bridge.app */;
			productType = "com.apple.product-type.application";
		};
/* End PBXNativeTarget section */

/* Begin PBXProject section */
		4985F84628B1AEAD0068AD38 /* Project object */ = {
			isa = PBXProject;
			attributes = {
				BuildIndependentTargetsInParallel = 1;
				LastSwiftUpdateCheck = 1400;
				LastUpgradeCheck = 1400;
				TargetAttributes = {
					4985F84D28B1AEAD0068AD38 = {
						CreatedOnToolsVersion = 14.0;
					};
				};
			};
			buildConfigurationList = 4985F84928B1AEAD0068AD38 /* Build configuration list for PBXProject "KioskBridge" */;
			compatibilityVersion = "Xcode 14.0";
			developmentRegion = en;
			hasScannedForEncodings = 0;
			knownRegions = (
				en,
				Base,
			);
			mainGroup = 4985F84528B1AEAD0068AD38;
			productRefGroup = 4985F84F28B1AEAD0068AD38 /* Products */;
			projectDirPath = "";
			projectRoot = "";
			targets = (
				4985F84D28B1AEAD0068AD38 /* KioskBridge */,
			);
		};
/* End PBXProject section */

/* Begin PBXResourcesBuildPhase section */
		4985F84C28B1AEAD0068AD38 /* Resources */ = {
			isa = PBXResourcesBuildPhase;
			buildActionMask = 2147483647;
			files = (
				4985F85928B1AEAD0068AD38 /* Preview Assets.xcassets in Resources */,
				498F130328DA6CAD0034CB7C /* .gitignore in Resources */,
				4985F85628B1AEAD0068AD38 /* Assets.xcassets in Resources */,
			);
			runOnlyForDeploymentPostprocessing = 0;
		};
/* End PBXResourcesBuildPhase section */

/* Begin PBXSourcesBuildPhase section */
		4985F84A28B1AEAD0068AD38 /* Sources */ = {
			isa = PBXSourcesBuildPhase;
			buildActionMask = 2147483647;
			files = (
				4985F85428B1AEAD0068AD38 /* KioskBridgeView.swift in Sources */,
				4985F85228B1AEAD0068AD38 /* KioskBridgeApp.swift in Sources */,
				4985F86228B2B05D0068AD38 /* SettingsView.swift in Sources */,
				49DD5BF328C16A4800AB8D1B /* AppState.swift in Sources */,
				49FB606628BEDEC9008DE047 /* KioskApi.swift in Sources */,
				4985F86028B29C240068AD38 /* KioskBridgeSettings.swift in Sources */,
			);
			runOnlyForDeploymentPostprocessing = 0;
		};
/* End PBXSourcesBuildPhase section */

/* Begin XCBuildConfiguration section */
		4985F85A28B1AEAD0068AD38 /* Debug */ = {
			isa = XCBuildConfiguration;
			buildSettings = {
				ALWAYS_SEARCH_USER_PATHS = NO;
				CLANG_ANALYZER_NONNULL = YES;
				CLANG_ANALYZER_NUMBER_OBJECT_CONVERSION = YES_AGGRESSIVE;
				CLANG_CXX_LANGUAGE_STANDARD = "gnu++20";
				CLANG_ENABLE_MODULES = YES;
				CLANG_ENABLE_OBJC_ARC = YES;
				CLANG_ENABLE_OBJC_WEAK = YES;
				CLANG_WARN_BLOCK_CAPTURE_AUTORELEASING = YES;
				CLANG_WARN_BOOL_CONVERSION = YES;
				CLANG_WARN_COMMA = YES;
				CLANG_WARN_CONSTANT_CONVERSION = YES;
				CLANG_WARN_DEPRECATED_OBJC_IMPLEMENTATIONS = YES;
				CLANG_WARN_DIRECT_OBJC_ISA_USAGE = YES_ERROR;
				CLANG_WARN_DOCUMENTATION_COMMENTS = YES;
				CLANG_WARN_EMPTY_BODY = YES;
				CLANG_WARN_ENUM_CONVERSION = YES;
				CLANG_WARN_INFINITE_RECURSION = YES;
				CLANG_WARN_INT_CONVERSION = YES;
				CLANG_WARN_NON_LITERAL_NULL_CONVERSION = YES;
				CLANG_WARN_OBJC_IMPLICIT_RETAIN_SELF = YES;
				CLANG_WARN_OBJC_LITERAL_CONVERSION = YES;
				CLANG_WARN_OBJC_ROOT_CLASS = YES_ERROR;
				CLANG_WARN_QUOTED_INCLUDE_IN_FRAMEWORK_HEADER = YES;
				CLANG_WARN_RANGE_LOOP_ANALYSIS = YES;
				CLANG_WARN_STRICT_PROTOTYPES = YES;
				CLANG_WARN_SUSPICIOUS_MOVE = YES;
				CLANG_WARN_UNGUARDED_AVAILABILITY = YES_AGGRESSIVE;
				CLANG_WARN_UNREACHABLE_CODE = YES;
				CLANG_WARN__DUPLICATE_METHOD_MATCH = YES;
				COPY_PHASE_STRIP = NO;
				DEBUG_INFORMATION_FORMAT = dwarf;
				ENABLE_STRICT_OBJC_MSGSEND = YES;
				ENABLE_TESTABILITY = YES;
				GCC_C_LANGUAGE_STANDARD = gnu11;
				GCC_DYNAMIC_NO_PIC = NO;
				GCC_NO_COMMON_BLOCKS = YES;
				GCC_OPTIMIZATION_LEVEL = 0;
				GCC_PREPROCESSOR_DEFINITIONS = (
					"DEBUG=1",
					"$(inherited)",
				);
				GCC_WARN_64_TO_32_BIT_CONVERSION = YES;
				GCC_WARN_ABOUT_RETURN_TYPE = YES_ERROR;
				GCC_WARN_UNDECLARED_SELECTOR = YES;
				GCC_WARN_UNINITIALIZED_AUTOS = YES_AGGRESSIVE;
				GCC_WARN_UNUSED_FUNCTION = YES;
				GCC_WARN_UNUSED_VARIABLE = YES;
				IPHONEOS_DEPLOYMENT_TARGET = 16.0;
				MTL_ENABLE_DEBUG_INFO = INCLUDE_SOURCE;
				MTL_FAST_MATH = YES;
				ONLY_ACTIVE_ARCH = YES;
				SDKROOT = iphoneos;
				SWIFT_ACTIVE_COMPILATION_CONDITIONS = DEBUG;
				SWIFT_OPTIMIZATION_LEVEL = "-Onone";
			};
			name = Debug;
		};
		4985F85B28B1AEAD0068AD38 /* Release */ = {
			isa = XCBuildConfiguration;
			buildSettings = {
				ALWAYS_SEARCH_USER_PATHS = NO;
				CLANG_ANALYZER_NONNULL = YES;
				CLANG_ANALYZER_NUMBER_OBJECT_CONVERSION = YES_AGGRESSIVE;
				CLANG_CXX_LANGUAGE_STANDARD = "gnu++20";
				CLANG_ENABLE_MODULES = YES;
				CLANG_ENABLE_OBJC_ARC = YES;
				CLANG_ENABLE_OBJC_WEAK = YES;
				CLANG_WARN_BLOCK_CAPTURE_AUTORELEASING = YES;
				CLANG_WARN_BOOL_CONVERSION = YES;
				CLANG_WARN_COMMA = YES;
				CLANG_WARN_CONSTANT_CONVERSION = YES;
				CLANG_WARN_DEPRECATED_OBJC_IMPLEMENTATIONS = YES;
				CLANG_WARN_DIRECT_OBJC_ISA_USAGE = YES_ERROR;
				CLANG_WARN_DOCUMENTATION_COMMENTS = YES;
				CLANG_WARN_EMPTY_BODY = YES;
				CLANG_WARN_ENUM_CONVERSION = YES;
				CLANG_WARN_INFINITE_RECURSION = YES;
				CLANG_WARN_INT_CONVERSION = YES;
				CLANG_WARN_NON_LITERAL_NULL_CONVERSION = YES;
				CLANG_WARN_OBJC_IMPLICIT_RETAIN_SELF = YES;
				CLANG_WARN_OBJC_LITERAL_CONVERSION = YES;
				CLANG_WARN_OBJC_ROOT_CLASS = YES_ERROR;
				CLANG_WARN_QUOTED_INCLUDE_IN_FRAMEWORK_HEADER = YES;
				CLANG_WARN_RANGE_LOOP_ANALYSIS = YES;
				CLANG_WARN_STRICT_PROTOTYPES = YES;
				CLANG_WARN_SUSPICIOUS_MOVE = YES;
				CLANG_WARN_UNGUARDED_AVAILABILITY = YES_AGGRESSIVE;
				CLANG_WARN_UNREACHABLE_CODE = YES;
				CLANG_WARN__DUPLICATE_METHOD_MATCH = YES;
				COPY_PHASE_STRIP = NO;
				DEBUG_INFORMATION_FORMAT = "dwarf-with-dsym";
				ENABLE_NS_ASSERTIONS = NO;
				ENABLE_STRICT_OBJC_MSGSEND = YES;
				GCC_C_LANGUAGE_STANDARD = gnu11;
				GCC_NO_COMMON_BLOCKS = YES;
				GCC_WARN_64_TO_32_BIT_CONVERSION = YES;
				GCC_WARN_ABOUT_RETURN_TYPE = YES_ERROR;
				GCC_WARN_UNDECLARED_SELECTOR = YES;
				GCC_WARN_UNINITIALIZED_AUTOS = YES_AGGRESSIVE;
				GCC_WARN_UNUSED_FUNCTION = YES;
				GCC_WARN_UNUSED_VARIABLE = YES;
				IPHONEOS_DEPLOYMENT_TARGET = 16.0;
				MTL_ENABLE_DEBUG_INFO = NO;
				MTL_FAST_MATH = YES;
				SDKROOT = iphoneos;
				SWIFT_COMPILATION_MODE = wholemodule;
				SWIFT_OPTIMIZATION_LEVEL = "-O";
				VALIDATE_PRODUCT = YES;
			};
			name = Release;
		};
		4985F85D28B1AEAD0068AD38 /* Debug */ = {
			isa = XCBuildConfiguration;
			buildSettings = {
				ASSETCATALOG_COMPILER_APPICON_NAME = AppIcon;
				ASSETCATALOG_COMPILER_GLOBAL_ACCENT_COLOR_NAME = AccentColor;
				CODE_SIGN_STYLE = Automatic;
				CURRENT_PROJECT_VERSION = 1;
				DEVELOPMENT_ASSET_PATHS = "\"KioskBridge/Preview Content\"";
				DEVELOPMENT_TEAM = Z7P37A2VT9;
				ENABLE_PREVIEWS = YES;
				GENERATE_INFOPLIST_FILE = YES;
				INFOPLIST_KEY_UIApplicationSceneManifest_Generation = YES;
				INFOPLIST_KEY_UIApplicationSupportsIndirectInputEvents = YES;
				INFOPLIST_KEY_UILaunchScreen_Generation = YES;
				INFOPLIST_KEY_UISupportedInterfaceOrientations_iPad = "UIInterfaceOrientationPortrait UIInterfaceOrientationPortraitUpsideDown UIInterfaceOrientationLandscapeLeft UIInterfaceOrientationLandscapeRight";
				INFOPLIST_KEY_UISupportedInterfaceOrientations_iPhone = "UIInterfaceOrientationPortrait UIInterfaceOrientationLandscapeLeft UIInterfaceOrientationLandscapeRight";
				IPHONEOS_DEPLOYMENT_TARGET = 15.0;
				LD_RUNPATH_SEARCH_PATHS = (
					"$(inherited)",
					"@executable_path/Frameworks",
				);
				MARKETING_VERSION = 1.0;
				PRODUCT_BUNDLE_IDENTIFIER = "arch-kiosk.KioskBridge";
				PRODUCT_NAME = "Kiosk Bridge";
				SWIFT_EMIT_LOC_STRINGS = YES;
				SWIFT_VERSION = 5.0;
				TARGETED_DEVICE_FAMILY = "1,2";
			};
			name = Debug;
		};
		4985F85E28B1AEAD0068AD38 /* Release */ = {
			isa = XCBuildConfiguration;
			buildSettings = {
				ASSETCATALOG_COMPILER_APPICON_NAME = AppIcon;
				ASSETCATALOG_COMPILER_GLOBAL_ACCENT_COLOR_NAME = AccentColor;
				CODE_SIGN_STYLE = Automatic;
				CURRENT_PROJECT_VERSION = 1;
				DEVELOPMENT_ASSET_PATHS = "\"KioskBridge/Preview Content\"";
				DEVELOPMENT_TEAM = Z7P37A2VT9;
				ENABLE_PREVIEWS = YES;
				GENERATE_INFOPLIST_FILE = YES;
				INFOPLIST_KEY_UIApplicationSceneManifest_Generation = YES;
				INFOPLIST_KEY_UIApplicationSupportsIndirectInputEvents = YES;
				INFOPLIST_KEY_UILaunchScreen_Generation = YES;
				INFOPLIST_KEY_UISupportedInterfaceOrientations_iPad = "UIInterfaceOrientationPortrait UIInterfaceOrientationPortraitUpsideDown UIInterfaceOrientationLandscapeLeft UIInterfaceOrientationLandscapeRight";
				INFOPLIST_KEY_UISupportedInterfaceOrientations_iPhone = "UIInterfaceOrientationPortrait UIInterfaceOrientationLandscapeLeft UIInterfaceOrientationLandscapeRight";
				IPHONEOS_DEPLOYMENT_TARGET = 15.0;
				LD_RUNPATH_SEARCH_PATHS = (
					"$(inherited)",
					"@executable_path/Frameworks",
				);
				MARKETING_VERSION = 1.0;
				PRODUCT_BUNDLE_IDENTIFIER = "arch-kiosk.KioskBridge";
				PRODUCT_NAME = "Kiosk Bridge";
				SWIFT_EMIT_LOC_STRINGS = YES;
				SWIFT_VERSION = 5.0;
				TARGETED_DEVICE_FAMILY = "1,2";
			};
			name = Release;
		};
/* End XCBuildConfiguration section */

/* Begin XCConfigurationList section */
		4985F84928B1AEAD0068AD38 /* Build configuration list for PBXProject "KioskBridge" */ = {
			isa = XCConfigurationList;
			buildConfigurations = (
				4985F85A28B1AEAD0068AD38 /* Debug */,
				4985F85B28B1AEAD0068AD38 /* Release */,
			);
			defaultConfigurationIsVisible = 0;
			defaultConfigurationName = Release;
		};
		4985F85C28B1AEAD0068AD38 /* Build configuration list for PBXNativeTarget "KioskBridge" */ = {
			isa = XCConfigurationList;
			buildConfigurations = (
				4985F85D28B1AEAD0068AD38 /* Debug */,
				4985F85E28B1AEAD0068AD38 /* Release */,
			);
			defaultConfigurationIsVisible = 0;
			defaultConfigurationName = Release;
		};
/* End XCConfigurationList section */
	};
	rootObject = 4985F84628B1AEAD0068AD38 /* Project object */;
}
